
Microsoft Visual Studio Solution File, Format Version 12.00
# Visual Studio Version 17
VisualStudioVersion = 17.5.33414.496
MinimumVisualStudioVersion = 10.0.40219.1
Project("{FAE04EC0-301F-11D3-BF4B-00C04F79EFBC}") = "SFmodule36", "SFmodule36\SFmodule36.csproj", "{D90F10A2-AEF1-47D5-88BF-31DB3745EE19}"
EndProject
Global
	GlobalSection(SolutionConfigurationPlatforms) = preSolution
		Debug|Any CPU = Debug|Any CPU
		Release|Any CPU = Release|Any CPU
	EndGlobalSection
	GlobalSection(ProjectConfigurationPlatforms) = postSolution
		{D90F10A2-AEF1-47D5-88BF-31DB3745EE19}.Debug|Any CPU.ActiveCfg = Debug|Any CPU
		{D90F10A2-AEF1-47D5-88BF-31DB3745EE19}.Debug|Any CPU.Build.0 = Debug|Any CPU
		{D90F10A2-AEF1-47D5-88BF-31DB3745EE19}.Release|Any CPU.ActiveCfg = Release|Any CPU
		{D90F10A2-AEF1-47D5-88BF-31DB3745EE19}.Release|Any CPU.Build.0 = Release|Any CPU
	EndGlobalSection
	GlobalSection(SolutionProperties) = preSolution
		HideSolutionNode = FALSE
	EndGlobalSection
	GlobalSection(ExtensibilityGlobals) = postSolution
		SolutionGuid = {C13C2B6C-F8D7-4E83-BA45-8695C727E52E}
	EndGlobalSection
EndGlobal
